{
  "name": "jev-enhanced-plugin",
  "version": "0.2.0",
  "lockfileVersion": 3,
  "requires": true,
  "packages": {
    "": {
      "name": "jev-enhanced-plugin",
      "version": "0.2.0",
      "license": "MIT AND Apache-2.0 AND CC-BY-SA-4.0",
      "bin": {
        "jev-pack": "src/cli.mjs"
      },
      "engines": {
        "node": ">=20"
      }
    }
  }
}
